
Microsoft Visual Studio Solution File, Format Version 12.00
# Visual Studio Version 17
VisualStudioVersion = 17.10.34928.147
MinimumVisualStudioVersion = 10.0.40219.1
Project("{FAE04EC0-301F-11D3-BF4B-00C04F79EFBC}") = "DOAN-api", "DOAN-api.csproj", "{216AB8C0-EA18-411B-BC92-09B1F6B0BE6E}"
EndProject
Global
	GlobalSection(SolutionConfigurationPlatforms) = preSolution
		Debug|Any CPU = Debug|Any CPU
		Release|Any CPU = Release|Any CPU
	EndGlobalSection
	GlobalSection(ProjectConfigurationPlatforms) = postSolution
		{216AB8C0-EA18-411B-BC92-09B1F6B0BE6E}.Debug|Any CPU.ActiveCfg = Debug|Any CPU
		{216AB8C0-EA18-411B-BC92-09B1F6B0BE6E}.Debug|Any CPU.Build.0 = Debug|Any CPU
		{216AB8C0-EA18-411B-BC92-09B1F6B0BE6E}.Release|Any CPU.ActiveCfg = Release|Any CPU
		{216AB8C0-EA18-411B-BC92-09B1F6B0BE6E}.Release|Any CPU.Build.0 = Release|Any CPU
	EndGlobalSection
	GlobalSection(SolutionProperties) = preSolution
		HideSolutionNode = FALSE
	EndGlobalSection
	GlobalSection(ExtensibilityGlobals) = postSolution
		SolutionGuid = {3031C0A2-8664-4EB1-A958-BE319BBBD49F}
	EndGlobalSection
EndGlobal
