
Microsoft Visual Studio Solution File, Format Version 12.00
# Visual Studio Version 17
VisualStudioVersion = 17.10.34928.147
MinimumVisualStudioVersion = 10.0.40219.1
Project("{FAE04EC0-301F-11D3-BF4B-00C04F79EFBC}") = "ecommerce-api", "ecommerce-api.csproj", "{3E403403-E998-430B-8C09-CE2D7F52A843}"
EndProject
Global
	GlobalSection(SolutionConfigurationPlatforms) = preSolution
		Debug|Any CPU = Debug|Any CPU
		Release|Any CPU = Release|Any CPU
	EndGlobalSection
	GlobalSection(ProjectConfigurationPlatforms) = postSolution
		{3E403403-E998-430B-8C09-CE2D7F52A843}.Debug|Any CPU.ActiveCfg = Debug|Any CPU
		{3E403403-E998-430B-8C09-CE2D7F52A843}.Debug|Any CPU.Build.0 = Debug|Any CPU
		{3E403403-E998-430B-8C09-CE2D7F52A843}.Release|Any CPU.ActiveCfg = Release|Any CPU
		{3E403403-E998-430B-8C09-CE2D7F52A843}.Release|Any CPU.Build.0 = Release|Any CPU
	EndGlobalSection
	GlobalSection(SolutionProperties) = preSolution
		HideSolutionNode = FALSE
	EndGlobalSection
	GlobalSection(ExtensibilityGlobals) = postSolution
		SolutionGuid = {197A240C-5FDD-4C04-A746-EC497F123B99}
	EndGlobalSection
EndGlobal
